// !$*UTF8*$!
{
	archiveVersion = 1;
	classes = {
	};
	objectVersion = 50;
	objects = {

/* Begin PBXBuildFile section */
		47AC16CA2165FE8E005EF1E3 /* Page.swift in Sources */ = {isa = PBXBuildFile; fileRef = 47AC16C92165FE8E005EF1E3 /* Page.swift */; };
		47AC16CC2165FEAC005EF1E3 /* gherkin_parser.rb in Resources */ = {isa = PBXBuildFile; fileRef = 47AC16CB2165FEAC005EF1E3 /* gherkin_parser.rb */; };
		47AC16CE2165FEEC005EF1E3 /* StepDefinetion.swift in Sources */ = {isa = PBXBuildFile; fileRef = 47AC16CD2165FEEC005EF1E3 /* StepDefinetion.swift */; };
		47AC16D02166003A005EF1E3 /* LoginPage.swift in Sources */ = {isa = PBXBuildFile; fileRef = 47AC16CF2166003A005EF1E3 /* LoginPage.swift */; };
		47AC16D421660BB5005EF1E3 /* TestMeUITest.m in Sources */ = {isa = PBXBuildFile; fileRef = 47AC16D321660BB5005EF1E3 /* TestMeUITest.m */; };
		47AC16D6216622B9005EF1E3 /* HomePage.swift in Sources */ = {isa = PBXBuildFile; fileRef = 47AC16D5216622B9005EF1E3 /* HomePage.swift */; };
		47AC16DC216B35F0005EF1E3 /* SPI.swift in Sources */ = {isa = PBXBuildFile; fileRef = 47AC16DB216B35F0005EF1E3 /* SPI.swift */; };
		47E360FB2165B8F800189943 /* AppDelegate.swift in Sources */ = {isa = PBXBuildFile; fileRef = 47E360FA2165B8F800189943 /* AppDelegate.swift */; };
		47E360FD2165B8F800189943 /* ViewController.swift in Sources */ = {isa = PBXBuildFile; fileRef = 47E360FC2165B8F800189943 /* ViewController.swift */; };
		47E361002165B8F800189943 /* Main.storyboard in Resources */ = {isa = PBXBuildFile; fileRef = 47E360FE2165B8F800189943 /* Main.storyboard */; };
		47E361022165B8FA00189943 /* Assets.xcassets in Resources */ = {isa = PBXBuildFile; fileRef = 47E361012165B8FA00189943 /* Assets.xcassets */; };
		47E361052165B8FA00189943 /* LaunchScreen.storyboard in Resources */ = {isa = PBXBuildFile; fileRef = 47E361032165B8FA00189943 /* LaunchScreen.storyboard */; };
		47E361102165B8FA00189943 /* TestMeTests.swift in Sources */ = {isa = PBXBuildFile; fileRef = 47E3610F2165B8FA00189943 /* TestMeTests.swift */; };
		47E3611B2165B8FA00189943 /* TestMeUITests.swift in Sources */ = {isa = PBXBuildFile; fileRef = 47E3611A2165B8FA00189943 /* TestMeUITests.swift */; };
		47E361292165BCA700189943 /* HomeViewController.swift in Sources */ = {isa = PBXBuildFile; fileRef = 47E361282165BCA700189943 /* HomeViewController.swift */; };
		47E3612C2165C82800189943 /* Features in Resources */ = {isa = PBXBuildFile; fileRef = 47E3612A2165C29700189943 /* Features */; };
		6E20B3015D022315EB0FBDF0 /* Pods_TestMeTests.framework in Frameworks */ = {isa = PBXBuildFile; fileRef = 29FE043E3390ACB3C29C7547 /* Pods_TestMeTests.framework */; };
		9581E5F352974C1C9EC95971 /* Pods_TestMe.framework in Frameworks */ = {isa = PBXBuildFile; fileRef = 236D23058E941CE0EA937797 /* Pods_TestMe.framework */; };
		E206C4D7AD4DE2ABFD2C7C75 /* Pods_TestMeUITests.framework in Frameworks */ = {isa = PBXBuildFile; fileRef = 0F400B4E0BC432635B647D99 /* Pods_TestMeUITests.framework */; };
/* End PBXBuildFile section */

/* Begin PBXContainerItemProxy section */
		47E3610C2165B8FA00189943 /* PBXContainerItemProxy */ = {
			isa = PBXContainerItemProxy;
			containerPortal = 47E360EF2165B8F800189943 /* Project object */;
			proxyType = 1;
			remoteGlobalIDString = 47E360F62165B8F800189943;
			remoteInfo = TestMe;
		};
		47E361172165B8FA00189943 /* PBXContainerItemProxy */ = {
			isa = PBXContainerItemProxy;
			containerPortal = 47E360EF2165B8F800189943 /* Project object */;
			proxyType = 1;
			remoteGlobalIDString = 47E360F62165B8F800189943;
			remoteInfo = TestMe;
		};
/* End PBXContainerItemProxy section */

/* Begin PBXFileReference section */
		0F400B4E0BC432635B647D99 /* Pods_TestMeUITests.framework */ = {isa = PBXFileReference; explicitFileType = wrapper.framework; includeInIndex = 0; path = Pods_TestMeUITests.framework; sourceTree = BUILT_PRODUCTS_DIR; };
		101764BD8188FB0BB57E95EA /* Pods-TestMeTests.release.xcconfig */ = {isa = PBXFileReference; includeInIndex = 1; lastKnownFileType = text.xcconfig; name = "Pods-TestMeTests.release.xcconfig"; path = "Pods/Target Support Files/Pods-TestMeTests/Pods-TestMeTests.release.xcconfig"; sourceTree = "<group>"; };
		236D23058E941CE0EA937797 /* Pods_TestMe.framework */ = {isa = PBXFileReference; explicitFileType = wrapper.framework; includeInIndex = 0; path = Pods_TestMe.framework; sourceTree = BUILT_PRODUCTS_DIR; };
		29FE043E3390ACB3C29C7547 /* Pods_TestMeTests.framework */ = {isa = PBXFileReference; explicitFileType = wrapper.framework; includeInIndex = 0; path = Pods_TestMeTests.framework; sourceTree = BUILT_PRODUCTS_DIR; };
		47AC16C92165FE8E005EF1E3 /* Page.swift */ = {isa = PBXFileReference; fileEncoding = 4; lastKnownFileType = sourcecode.swift; path = Page.swift; sourceTree = "<group>"; };
		47AC16CB2165FEAC005EF1E3 /* gherkin_parser.rb */ = {isa = PBXFileReference; fileEncoding = 4; lastKnownFileType = text.script.ruby; path = gherkin_parser.rb; sourceTree = "<group>"; };
		47AC16CD2165FEEC005EF1E3 /* StepDefinetion.swift */ = {isa = PBXFileReference; fileEncoding = 4; lastKnownFileType = sourcecode.swift; path = StepDefinetion.swift; sourceTree = "<group>"; };
		47AC16CF2166003A005EF1E3 /* LoginPage.swift */ = {isa = PBXFileReference; lastKnownFileType = sourcecode.swift; path = LoginPage.swift; sourceTree = "<group>"; };
		47AC16D121660BB5005EF1E3 /* TestMeUITests-Bridging-Header.h */ = {isa = PBXFileReference; lastKnownFileType = sourcecode.c.h; path = "TestMeUITests-Bridging-Header.h"; sourceTree = "<group>"; };
		47AC16D321660BB5005EF1E3 /* TestMeUITest.m */ = {isa = PBXFileReference; lastKnownFileType = sourcecode.c.objc; path = TestMeUITest.m; sourceTree = "<group>"; };
		47AC16D5216622B9005EF1E3 /* HomePage.swift */ = {isa = PBXFileReference; lastKnownFileType = sourcecode.swift; path = HomePage.swift; sourceTree = "<group>"; };
		47AC16DB216B35F0005EF1E3 /* SPI.swift */ = {isa = PBXFileReference; lastKnownFileType = sourcecode.swift; path = SPI.swift; sourceTree = "<group>"; };
		47E360F72165B8F800189943 /* TestMe.app */ = {isa = PBXFileReference; explicitFileType = wrapper.application; includeInIndex = 0; path = TestMe.app; sourceTree = BUILT_PRODUCTS_DIR; };
		47E360FA2165B8F800189943 /* AppDelegate.swift */ = {isa = PBXFileReference; lastKnownFileType = sourcecode.swift; path = AppDelegate.swift; sourceTree = "<group>"; };
		47E360FC2165B8F800189943 /* ViewController.swift */ = {isa = PBXFileReference; lastKnownFileType = sourcecode.swift; path = ViewController.swift; sourceTree = "<group>"; };
		47E360FF2165B8F800189943 /* Base */ = {isa = PBXFileReference; lastKnownFileType = file.storyboard; name = Base; path = Base.lproj/Main.storyboard; sourceTree = "<group>"; };
		47E361012165B8FA00189943 /* Assets.xcassets */ = {isa = PBXFileReference; lastKnownFileType = folder.assetcatalog; path = Assets.xcassets; sourceTree = "<group>"; };
		47E361042165B8FA00189943 /* Base */ = {isa = PBXFileReference; lastKnownFileType = file.storyboard; name = Base; path = Base.lproj/LaunchScreen.storyboard; sourceTree = "<group>"; };
		47E361062165B8FA00189943 /* Info.plist */ = {isa = PBXFileReference; lastKnownFileType = text.plist.xml; path = Info.plist; sourceTree = "<group>"; };
		47E3610B2165B8FA00189943 /* TestMeTests.xctest */ = {isa = PBXFileReference; explicitFileType = wrapper.cfbundle; includeInIndex = 0; path = TestMeTests.xctest; sourceTree = BUILT_PRODUCTS_DIR; };
		47E3610F2165B8FA00189943 /* TestMeTests.swift */ = {isa = PBXFileReference; lastKnownFileType = sourcecode.swift; path = TestMeTests.swift; sourceTree = "<group>"; };
		47E361112165B8FA00189943 /* Info.plist */ = {isa = PBXFileReference; lastKnownFileType = text.plist.xml; path = Info.plist; sourceTree = "<group>"; };
		47E361162165B8FA00189943 /* TestMeUITests.xctest */ = {isa = PBXFileReference; explicitFileType = wrapper.cfbundle; includeInIndex = 0; path = TestMeUITests.xctest; sourceTree = BUILT_PRODUCTS_DIR; };
		47E3611A2165B8FA00189943 /* TestMeUITests.swift */ = {isa = PBXFileReference; lastKnownFileType = sourcecode.swift; path = TestMeUITests.swift; sourceTree = "<group>"; };
		47E3611C2165B8FA00189943 /* Info.plist */ = {isa = PBXFileReference; lastKnownFileType = text.plist.xml; path = Info.plist; sourceTree = "<group>"; };
		47E361282165BCA700189943 /* HomeViewController.swift */ = {isa = PBXFileReference; lastKnownFileType = sourcecode.swift; path = HomeViewController.swift; sourceTree = "<group>"; };
		47E3612A2165C29700189943 /* Features */ = {isa = PBXFileReference; lastKnownFileType = folder; name = Features; path = TestMeUITests/Features; sourceTree = SOURCE_ROOT; };
		6CF5F2955A6D1F1B5E7B9E13 /* Pods-TestMe.release.xcconfig */ = {isa = PBXFileReference; includeInIndex = 1; lastKnownFileType = text.xcconfig; name = "Pods-TestMe.release.xcconfig"; path = "Pods/Target Support Files/Pods-TestMe/Pods-TestMe.release.xcconfig"; sourceTree = "<group>"; };
		6E635DF3E6EE5DB48F82DD01 /* Pods-TestMeTests.debug.xcconfig */ = {isa = PBXFileReference; includeInIndex = 1; lastKnownFileType = text.xcconfig; name = "Pods-TestMeTests.debug.xcconfig"; path = "Pods/Target Support Files/Pods-TestMeTests/Pods-TestMeTests.debug.xcconfig"; sourceTree = "<group>"; };
		8ADC07F7015D8D5F6BA591F9 /* Pods-TestMe.debug.xcconfig */ = {isa = PBXFileReference; includeInIndex = 1; lastKnownFileType = text.xcconfig; name = "Pods-TestMe.debug.xcconfig"; path = "Pods/Target Support Files/Pods-TestMe/Pods-TestMe.debug.xcconfig"; sourceTree = "<group>"; };
		9F93884B53804FB578D9C0C3 /* Pods-TestMeUITests.debug.xcconfig */ = {isa = PBXFileReference; includeInIndex = 1; lastKnownFileType = text.xcconfig; name = "Pods-TestMeUITests.debug.xcconfig"; path = "Pods/Target Support Files/Pods-TestMeUITests/Pods-TestMeUITests.debug.xcconfig"; sourceTree = "<group>"; };
		F1AF9639A7B2B0B4AE0D47DC /* Pods-TestMeUITests.release.xcconfig */ = {isa = PBXFileReference; includeInIndex = 1; lastKnownFileType = text.xcconfig; name = "Pods-TestMeUITests.release.xcconfig"; path = "Pods/Target Support Files/Pods-TestMeUITests/Pods-TestMeUITests.release.xcconfig"; sourceTree = "<group>"; };
/* End PBXFileReference section */

/* Begin PBXFrameworksBuildPhase section */
		47E360F42165B8F800189943 /* Frameworks */ = {
			isa = PBXFrameworksBuildPhase;
			buildActionMask = 2147483647;
			files = (
				9581E5F352974C1C9EC95971 /* Pods_TestMe.framework in Frameworks */,
			);
			runOnlyForDeploymentPostprocessing = 0;
		};
		47E361082165B8FA00189943 /* Frameworks */ = {
			isa = PBXFrameworksBuildPhase;
			buildActionMask = 2147483647;
			files = (
				6E20B3015D022315EB0FBDF0 /* Pods_TestMeTests.framework in Frameworks */,
			);
			runOnlyForDeploymentPostprocessing = 0;
		};
		47E361132165B8FA00189943 /* Frameworks */ = {
			isa = PBXFrameworksBuildPhase;
			buildActionMask = 2147483647;
			files = (
				E206C4D7AD4DE2ABFD2C7C75 /* Pods_TestMeUITests.framework in Frameworks */,
			);
			runOnlyForDeploymentPostprocessing = 0;
		};
/* End PBXFrameworksBuildPhase section */

/* Begin PBXGroup section */
		284F3C7C0E128D2050357B8A /* Frameworks */ = {
			isa = PBXGroup;
			children = (
				236D23058E941CE0EA937797 /* Pods_TestMe.framework */,
				29FE043E3390ACB3C29C7547 /* Pods_TestMeTests.framework */,
				0F400B4E0BC432635B647D99 /* Pods_TestMeUITests.framework */,
			);
			name = Frameworks;
			sourceTree = "<group>";
		};
		47AC16C62165FDE4005EF1E3 /* Steps */ = {
			isa = PBXGroup;
			children = (
				47AC16CD2165FEEC005EF1E3 /* StepDefinetion.swift */,
			);
			path = Steps;
			sourceTree = "<group>";
		};
		47AC16C72165FDE4005EF1E3 /* Scenario */ = {
			isa = PBXGroup;
			children = (
				47AC16C92165FE8E005EF1E3 /* Page.swift */,
				47AC16CF2166003A005EF1E3 /* LoginPage.swift */,
				47AC16D5216622B9005EF1E3 /* HomePage.swift */,
			);
			path = Scenario;
			sourceTree = "<group>";
		};
		47AC16C82165FDE5005EF1E3 /* Tools */ = {
			isa = PBXGroup;
			children = (
				47AC16CB2165FEAC005EF1E3 /* gherkin_parser.rb */,
			);
			path = Tools;
			sourceTree = "<group>";
		};
		47AC16DA216B35DD005EF1E3 /* SPI */ = {
			isa = PBXGroup;
			children = (
				47AC16DB216B35F0005EF1E3 /* SPI.swift */,
			);
			path = SPI;
			sourceTree = "<group>";
		};
		47E360EE2165B8F800189943 = {
			isa = PBXGroup;
			children = (
				47E360F92165B8F800189943 /* TestMe */,
				47E3610E2165B8FA00189943 /* TestMeTests */,
				47E361192165B8FA00189943 /* TestMeUITests */,
				47E360F82165B8F800189943 /* Products */,
				7DF1EC40E0CE463F9F6F74EA /* Pods */,
				284F3C7C0E128D2050357B8A /* Frameworks */,
			);
			sourceTree = "<group>";
		};
		47E360F82165B8F800189943 /* Products */ = {
			isa = PBXGroup;
			children = (
				47E360F72165B8F800189943 /* TestMe.app */,
				47E3610B2165B8FA00189943 /* TestMeTests.xctest */,
				47E361162165B8FA00189943 /* TestMeUITests.xctest */,
			);
			name = Products;
			sourceTree = "<group>";
		};
		47E360F92165B8F800189943 /* TestMe */ = {
			isa = PBXGroup;
			children = (
				47AC16DA216B35DD005EF1E3 /* SPI */,
				47E360FA2165B8F800189943 /* AppDelegate.swift */,
				47E360FC2165B8F800189943 /* ViewController.swift */,
				47E361282165BCA700189943 /* HomeViewController.swift */,
				47E360FE2165B8F800189943 /* Main.storyboard */,
				47E361012165B8FA00189943 /* Assets.xcassets */,
				47E361032165B8FA00189943 /* LaunchScreen.storyboard */,
				47E361062165B8FA00189943 /* Info.plist */,
			);
			path = TestMe;
			sourceTree = "<group>";
		};
		47E3610E2165B8FA00189943 /* TestMeTests */ = {
			isa = PBXGroup;
			children = (
				47E3610F2165B8FA00189943 /* TestMeTests.swift */,
				47E361112165B8FA00189943 /* Info.plist */,
			);
			path = TestMeTests;
			sourceTree = "<group>";
		};
		47E361192165B8FA00189943 /* TestMeUITests */ = {
			isa = PBXGroup;
			children = (
				47AC16C72165FDE4005EF1E3 /* Scenario */,
				47AC16C62165FDE4005EF1E3 /* Steps */,
				47AC16C82165FDE5005EF1E3 /* Tools */,
				47E3612A2165C29700189943 /* Features */,
				47E3611A2165B8FA00189943 /* TestMeUITests.swift */,
				47E3611C2165B8FA00189943 /* Info.plist */,
				47AC16D321660BB5005EF1E3 /* TestMeUITest.m */,
				47AC16D121660BB5005EF1E3 /* TestMeUITests-Bridging-Header.h */,
			);
			path = TestMeUITests;
			sourceTree = "<group>";
		};
		7DF1EC40E0CE463F9F6F74EA /* Pods */ = {
			isa = PBXGroup;
			children = (
				8ADC07F7015D8D5F6BA591F9 /* Pods-TestMe.debug.xcconfig */,
				6CF5F2955A6D1F1B5E7B9E13 /* Pods-TestMe.release.xcconfig */,
				6E635DF3E6EE5DB48F82DD01 /* Pods-TestMeTests.debug.xcconfig */,
				101764BD8188FB0BB57E95EA /* Pods-TestMeTests.release.xcconfig */,
				9F93884B53804FB578D9C0C3 /* Pods-TestMeUITests.debug.xcconfig */,
				F1AF9639A7B2B0B4AE0D47DC /* Pods-TestMeUITests.release.xcconfig */,
			);
			name = Pods;
			sourceTree = "<group>";
		};
/* End PBXGroup section */

/* Begin PBXNativeTarget section */
		47E360F62165B8F800189943 /* TestMe */ = {
			isa = PBXNativeTarget;
			buildConfigurationList = 47E3611F2165B8FA00189943 /* Build configuration list for PBXNativeTarget "TestMe" */;
			buildPhases = (
				4B034F5641672E347A7A1DC0 /* [CP] Check Pods Manifest.lock */,
				47E360F32165B8F800189943 /* Sources */,
				47E360F42165B8F800189943 /* Frameworks */,
				47E360F52165B8F800189943 /* Resources */,
				47AC16DD216EF9ED005EF1E3 /* Run Script */,
			);
			buildRules = (
			);
			dependencies = (
			);
			name = TestMe;
			productName = TestMe;
			productReference = 47E360F72165B8F800189943 /* TestMe.app */;
			productType = "com.apple.product-type.application";
		};
		47E3610A2165B8FA00189943 /* TestMeTests */ = {
			isa = PBXNativeTarget;
			buildConfigurationList = 47E361222165B8FA00189943 /* Build configuration list for PBXNativeTarget "TestMeTests" */;
			buildPhases = (
				929501FDFA79EA0F25EE0BC6 /* [CP] Check Pods Manifest.lock */,
				47E361072165B8FA00189943 /* Sources */,
				47E361082165B8FA00189943 /* Frameworks */,
				47E361092165B8FA00189943 /* Resources */,
				117BDD2C6E30463A1B89F9EB /* [CP] Embed Pods Frameworks */,
			);
			buildRules = (
			);
			dependencies = (
				47E3610D2165B8FA00189943 /* PBXTargetDependency */,
			);
			name = TestMeTests;
			productName = TestMeTests;
			productReference = 47E3610B2165B8FA00189943 /* TestMeTests.xctest */;
			productType = "com.apple.product-type.bundle.unit-test";
		};
		47E361152165B8FA00189943 /* TestMeUITests */ = {
			isa = PBXNativeTarget;
			buildConfigurationList = 47E361252165B8FA00189943 /* Build configuration list for PBXNativeTarget "TestMeUITests" */;
			buildPhases = (
				11440313F364B03DE29BABCA /* [CP] Check Pods Manifest.lock */,
				47E361122165B8FA00189943 /* Sources */,
				47E361132165B8FA00189943 /* Frameworks */,
				47E361142165B8FA00189943 /* Resources */,
				B86167AA5BF306EF0C330BC8 /* [CP] Embed Pods Frameworks */,
			);
			buildRules = (
			);
			dependencies = (
				47E361182165B8FA00189943 /* PBXTargetDependency */,
			);
			name = TestMeUITests;
			productName = TestMeUITests;
			productReference = 47E361162165B8FA00189943 /* TestMeUITests.xctest */;
			productType = "com.apple.product-type.bundle.ui-testing";
		};
/* End PBXNativeTarget section */

/* Begin PBXProject section */
		47E360EF2165B8F800189943 /* Project object */ = {
			isa = PBXProject;
			attributes = {
				LastSwiftUpdateCheck = 1000;
				LastUpgradeCheck = 1000;
				ORGANIZATIONNAME = aki.yu;
				TargetAttributes = {
					47E360F62165B8F800189943 = {
						CreatedOnToolsVersion = 10.0;
					};
					47E3610A2165B8FA00189943 = {
						CreatedOnToolsVersion = 10.0;
						TestTargetID = 47E360F62165B8F800189943;
					};
					47E361152165B8FA00189943 = {
						CreatedOnToolsVersion = 10.0;
						LastSwiftMigration = 1000;
						TestTargetID = 47E360F62165B8F800189943;
					};
				};
			};
			buildConfigurationList = 47E360F22165B8F800189943 /* Build configuration list for PBXProject "TestMe" */;
			compatibilityVersion = "Xcode 9.3";
			developmentRegion = en;
			hasScannedForEncodings = 0;
			knownRegions = (
				en,
				Base,
			);
			mainGroup = 47E360EE2165B8F800189943;
			productRefGroup = 47E360F82165B8F800189943 /* Products */;
			projectDirPath = "";
			projectRoot = "";
			targets = (
				47E360F62165B8F800189943 /* TestMe */,
				47E3610A2165B8FA00189943 /* TestMeTests */,
				47E361152165B8FA00189943 /* TestMeUITests */,
			);
		};
/* End PBXProject section */

/* Begin PBXResourcesBuildPhase section */
		47E360F52165B8F800189943 /* Resources */ = {
			isa = PBXResourcesBuildPhase;
			buildActionMask = 2147483647;
			files = (
				47E361052165B8FA00189943 /* LaunchScreen.storyboard in Resources */,
				47E361022165B8FA00189943 /* Assets.xcassets in Resources */,
				47E361002165B8F800189943 /* Main.storyboard in Resources */,
			);
			runOnlyForDeploymentPostprocessing = 0;
		};
		47E361092165B8FA00189943 /* Resources */ = {
			isa = PBXResourcesBuildPhase;
			buildActionMask = 2147483647;
			files = (
			);
			runOnlyForDeploymentPostprocessing = 0;
		};
		47E361142165B8FA00189943 /* Resources */ = {
			isa = PBXResourcesBuildPhase;
			buildActionMask = 2147483647;
			files = (
				47E3612C2165C82800189943 /* Features in Resources */,
				47AC16CC2165FEAC005EF1E3 /* gherkin_parser.rb in Resources */,
			);
			runOnlyForDeploymentPostprocessing = 0;
		};
/* End PBXResourcesBuildPhase section */

/* Begin PBXShellScriptBuildPhase section */
		11440313F364B03DE29BABCA /* [CP] Check Pods Manifest.lock */ = {
			isa = PBXShellScriptBuildPhase;
			buildActionMask = 2147483647;
			files = (
			);
			inputPaths = (
				"${PODS_PODFILE_DIR_PATH}/Podfile.lock",
				"${PODS_ROOT}/Manifest.lock",
			);
			name = "[CP] Check Pods Manifest.lock";
			outputPaths = (
				"$(DERIVED_FILE_DIR)/Pods-TestMeUITests-checkManifestLockResult.txt",
			);
			runOnlyForDeploymentPostprocessing = 0;
			shellPath = /bin/sh;
			shellScript = "diff \"${PODS_PODFILE_DIR_PATH}/Podfile.lock\" \"${PODS_ROOT}/Manifest.lock\" > /dev/null\nif [ $? != 0 ] ; then\n    # print error to STDERR\n    echo \"error: The sandbox is not in sync with the Podfile.lock. Run 'pod install' or update your CocoaPods installation.\" >&2\n    exit 1\nfi\n# This output is used by Xcode 'outputs' to avoid re-running this script phase.\necho \"SUCCESS\" > \"${SCRIPT_OUTPUT_FILE_0}\"\n";
			showEnvVarsInLog = 0;
		};
		117BDD2C6E30463A1B89F9EB /* [CP] Embed Pods Frameworks */ = {
			isa = PBXShellScriptBuildPhase;
			buildActionMask = 2147483647;
			files = (
			);
			inputPaths = (
				"${SRCROOT}/Pods/Target Support Files/Pods-TestMeTests/Pods-TestMeTests-frameworks.sh",
				"${BUILT_PRODUCTS_DIR}/Mockingjay/Mockingjay.framework",
				"${BUILT_PRODUCTS_DIR}/URITemplate/URITemplate.framework",
			);
			name = "[CP] Embed Pods Frameworks";
			outputPaths = (
				"${TARGET_BUILD_DIR}/${FRAMEWORKS_FOLDER_PATH}/Mockingjay.framework",
				"${TARGET_BUILD_DIR}/${FRAMEWORKS_FOLDER_PATH}/URITemplate.framework",
			);
			runOnlyForDeploymentPostprocessing = 0;
			shellPath = /bin/sh;
			shellScript = "\"${SRCROOT}/Pods/Target Support Files/Pods-TestMeTests/Pods-TestMeTests-frameworks.sh\"\n";
			showEnvVarsInLog = 0;
		};
		47AC16DD216EF9ED005EF1E3 /* Run Script */ = {
			isa = PBXShellScriptBuildPhase;
			buildActionMask = 2147483647;
			files = (
			);
			inputFileListPaths = (
			);
			inputPaths = (
			);
			name = "Run Script";
			outputFileListPaths = (
			);
			outputPaths = (
			);
			runOnlyForDeploymentPostprocessing = 0;
			shellPath = /bin/sh;
			shellScript = "# Type a script or drag a script file from your workspace to #Disables ATS in debug builds.\n\nINFOPLIST=\"${TARGET_BUILD_DIR}\"/\"${INFOPLIST_PATH}\"\ncase \"${CONFIGURATION}\" in\n\"Release\"|\"Adhoc\")\n/usr/libexec/PlistBuddy -c \"Set :NSAppTransportSecurity:NSAllowsArbitraryLoads NO\" \"${INFOPLIST}\"\n;;\n\"Debug\")\n/usr/libexec/PlistBuddy -c \"Set :NSAppTransportSecurity:NSAllowsArbitraryLoads YES\" \"${INFOPLIST}\"\n;; \nesac\n";
		};
		4B034F5641672E347A7A1DC0 /* [CP] Check Pods Manifest.lock */ = {
			isa = PBXShellScriptBuildPhase;
			buildActionMask = 2147483647;
			files = (
			);
			inputPaths = (
				"${PODS_PODFILE_DIR_PATH}/Podfile.lock",
				"${PODS_ROOT}/Manifest.lock",
			);
			name = "[CP] Check Pods Manifest.lock";
			outputPaths = (
				"$(DERIVED_FILE_DIR)/Pods-TestMe-checkManifestLockResult.txt",
			);
			runOnlyForDeploymentPostprocessing = 0;
			shellPath = /bin/sh;
			shellScript = "diff \"${PODS_PODFILE_DIR_PATH}/Podfile.lock\" \"${PODS_ROOT}/Manifest.lock\" > /dev/null\nif [ $? != 0 ] ; then\n    # print error to STDERR\n    echo \"error: The sandbox is not in sync with the Podfile.lock. Run 'pod install' or update your CocoaPods installation.\" >&2\n    exit 1\nfi\n# This output is used by Xcode 'outputs' to avoid re-running this script phase.\necho \"SUCCESS\" > \"${SCRIPT_OUTPUT_FILE_0}\"\n";
			showEnvVarsInLog = 0;
		};
		929501FDFA79EA0F25EE0BC6 /* [CP] Check Pods Manifest.lock */ = {
			isa = PBXShellScriptBuildPhase;
			buildActionMask = 2147483647;
			files = (
			);
			inputPaths = (
				"${PODS_PODFILE_DIR_PATH}/Podfile.lock",
				"${PODS_ROOT}/Manifest.lock",
			);
			name = "[CP] Check Pods Manifest.lock";
			outputPaths = (
				"$(DERIVED_FILE_DIR)/Pods-TestMeTests-checkManifestLockResult.txt",
			);
			runOnlyForDeploymentPostprocessing = 0;
			shellPath = /bin/sh;
			shellScript = "diff \"${PODS_PODFILE_DIR_PATH}/Podfile.lock\" \"${PODS_ROOT}/Manifest.lock\" > /dev/null\nif [ $? != 0 ] ; then\n    # print error to STDERR\n    echo \"error: The sandbox is not in sync with the Podfile.lock. Run 'pod install' or update your CocoaPods installation.\" >&2\n    exit 1\nfi\n# This output is used by Xcode 'outputs' to avoid re-running this script phase.\necho \"SUCCESS\" > \"${SCRIPT_OUTPUT_FILE_0}\"\n";
			showEnvVarsInLog = 0;
		};
		B86167AA5BF306EF0C330BC8 /* [CP] Embed Pods Frameworks */ = {
			isa = PBXShellScriptBuildPhase;
			buildActionMask = 2147483647;
			files = (
			);
			inputPaths = (
				"${SRCROOT}/Pods/Target Support Files/Pods-TestMeUITests/Pods-TestMeUITests-frameworks.sh",
				"${BUILT_PRODUCTS_DIR}/Mockingjay/Mockingjay.framework",
				"${BUILT_PRODUCTS_DIR}/URITemplate/URITemplate.framework",
				"${BUILT_PRODUCTS_DIR}/Cucumberish/Cucumberish.framework",
			);
			name = "[CP] Embed Pods Frameworks";
			outputPaths = (
				"${TARGET_BUILD_DIR}/${FRAMEWORKS_FOLDER_PATH}/Mockingjay.framework",
				"${TARGET_BUILD_DIR}/${FRAMEWORKS_FOLDER_PATH}/URITemplate.framework",
				"${TARGET_BUILD_DIR}/${FRAMEWORKS_FOLDER_PATH}/Cucumberish.framework",
			);
			runOnlyForDeploymentPostprocessing = 0;
			shellPath = /bin/sh;
			shellScript = "\"${SRCROOT}/Pods/Target Support Files/Pods-TestMeUITests/Pods-TestMeUITests-frameworks.sh\"\n";
			showEnvVarsInLog = 0;
		};
/* End PBXShellScriptBuildPhase section */

/* Begin PBXSourcesBuildPhase section */
		47E360F32165B8F800189943 /* Sources */ = {
			isa = PBXSourcesBuildPhase;
			buildActionMask = 2147483647;
			files = (
				47AC16DC216B35F0005EF1E3 /* SPI.swift in Sources */,
				47E360FD2165B8F800189943 /* ViewController.swift in Sources */,
				47E360FB2165B8F800189943 /* AppDelegate.swift in Sources */,
				47E361292165BCA700189943 /* HomeViewController.swift in Sources */,
			);
			runOnlyForDeploymentPostprocessing = 0;
		};
		47E361072165B8FA00189943 /* Sources */ = {
			isa = PBXSourcesBuildPhase;
			buildActionMask = 2147483647;
			files = (
				47E361102165B8FA00189943 /* TestMeTests.swift in Sources */,
			);
			runOnlyForDeploymentPostprocessing = 0;
		};
		47E361122165B8FA00189943 /* Sources */ = {
			isa = PBXSourcesBuildPhase;
			buildActionMask = 2147483647;
			files = (
				47AC16D02166003A005EF1E3 /* LoginPage.swift in Sources */,
				47AC16D6216622B9005EF1E3 /* HomePage.swift in Sources */,
				47AC16CE2165FEEC005EF1E3 /* StepDefinetion.swift in Sources */,
				47AC16CA2165FE8E005EF1E3 /* Page.swift in Sources */,
				47E3611B2165B8FA00189943 /* TestMeUITests.swift in Sources */,
				47AC16D421660BB5005EF1E3 /* TestMeUITest.m in Sources */,
			);
			runOnlyForDeploymentPostprocessing = 0;
		};
/* End PBXSourcesBuildPhase section */

/* Begin PBXTargetDependency section */
		47E3610D2165B8FA00189943 /* PBXTargetDependency */ = {
			isa = PBXTargetDependency;
			target = 47E360F62165B8F800189943 /* TestMe */;
			targetProxy = 47E3610C2165B8FA00189943 /* PBXContainerItemProxy */;
		};
		47E361182165B8FA00189943 /* PBXTargetDependency */ = {
			isa = PBXTargetDependency;
			target = 47E360F62165B8F800189943 /* TestMe */;
			targetProxy = 47E361172165B8FA00189943 /* PBXContainerItemProxy */;
		};
/* End PBXTargetDependency section */

/* Begin PBXVariantGroup section */
		47E360FE2165B8F800189943 /* Main.storyboard */ = {
			isa = PBXVariantGroup;
			children = (
				47E360FF2165B8F800189943 /* Base */,
			);
			name = Main.storyboard;
			sourceTree = "<group>";
		};
		47E361032165B8FA00189943 /* LaunchScreen.storyboard */ = {
			isa = PBXVariantGroup;
			children = (
				47E361042165B8FA00189943 /* Base */,
			);
			name = LaunchScreen.storyboard;
			sourceTree = "<group>";
		};
/* End PBXVariantGroup section */

/* Begin XCBuildConfiguration section */
		47E3611D2165B8FA00189943 /* Debug */ = {
			isa = XCBuildConfiguration;
			buildSettings = {
				ALWAYS_SEARCH_USER_PATHS = NO;
				CLANG_ANALYZER_NONNULL = YES;
				CLANG_ANALYZER_NUMBER_OBJECT_CONVERSION = YES_AGGRESSIVE;
				CLANG_CXX_LANGUAGE_STANDARD = "gnu++14";
				CLANG_CXX_LIBRARY = "libc++";
				CLANG_ENABLE_MODULES = YES;
				CLANG_ENABLE_OBJC_ARC = YES;
				CLANG_ENABLE_OBJC_WEAK = YES;
				CLANG_WARN_BLOCK_CAPTURE_AUTORELEASING = YES;
				CLANG_WARN_BOOL_CONVERSION = YES;
				CLANG_WARN_COMMA = YES;
				CLANG_WARN_CONSTANT_CONVERSION = YES;
				CLANG_WARN_DEPRECATED_OBJC_IMPLEMENTATIONS = YES;
				CLANG_WARN_DIRECT_OBJC_ISA_USAGE = YES_ERROR;
				CLANG_WARN_DOCUMENTATION_COMMENTS = YES;
				CLANG_WARN_EMPTY_BODY = YES;
				CLANG_WARN_ENUM_CONVERSION = YES;
				CLANG_WARN_INFINITE_RECURSION = YES;
				CLANG_WARN_INT_CONVERSION = YES;
				CLANG_WARN_NON_LITERAL_NULL_CONVERSION = YES;
				CLANG_WARN_OBJC_IMPLICIT_RETAIN_SELF = YES;
				CLANG_WARN_OBJC_LITERAL_CONVERSION = YES;
				CLANG_WARN_OBJC_ROOT_CLASS = YES_ERROR;
				CLANG_WARN_RANGE_LOOP_ANALYSIS = YES;
				CLANG_WARN_STRICT_PROTOTYPES = YES;
				CLANG_WARN_SUSPICIOUS_MOVE = YES;
				CLANG_WARN_UNGUARDED_AVAILABILITY = YES_AGGRESSIVE;
				CLANG_WARN_UNREACHABLE_CODE = YES;
				CLANG_WARN__DUPLICATE_METHOD_MATCH = YES;
				CODE_SIGN_IDENTITY = "iPhone Developer";
				COPY_PHASE_STRIP = NO;
				DEBUG_INFORMATION_FORMAT = dwarf;
				ENABLE_STRICT_OBJC_MSGSEND = YES;
				ENABLE_TESTABILITY = YES;
				GCC_C_LANGUAGE_STANDARD = gnu11;
				GCC_DYNAMIC_NO_PIC = NO;
				GCC_NO_COMMON_BLOCKS = YES;
				GCC_OPTIMIZATION_LEVEL = 0;
				GCC_PREPROCESSOR_DEFINITIONS = (
					"DEBUG=1",
					"$(inherited)",
				);
				GCC_WARN_64_TO_32_BIT_CONVERSION = YES;
				GCC_WARN_ABOUT_RETURN_TYPE = YES_ERROR;
				GCC_WARN_UNDECLARED_SELECTOR = YES;
				GCC_WARN_UNINITIALIZED_AUTOS = YES_AGGRESSIVE;
				GCC_WARN_UNUSED_FUNCTION = YES;
				GCC_WARN_UNUSED_VARIABLE = YES;
				IPHONEOS_DEPLOYMENT_TARGET = 12.0;
				MTL_ENABLE_DEBUG_INFO = INCLUDE_SOURCE;
				MTL_FAST_MATH = YES;
				ONLY_ACTIVE_ARCH = YES;
				SDKROOT = iphoneos;
				SWIFT_ACTIVE_COMPILATION_CONDITIONS = DEBUG;
				SWIFT_OPTIMIZATION_LEVEL = "-Onone";
			};
			name = Debug;
		};
		47E3611E2165B8FA00189943 /* Release */ = {
			isa = XCBuildConfiguration;
			buildSettings = {
				ALWAYS_SEARCH_USER_PATHS = NO;
				CLANG_ANALYZER_NONNULL = YES;
				CLANG_ANALYZER_NUMBER_OBJECT_CONVERSION = YES_AGGRESSIVE;
				CLANG_CXX_LANGUAGE_STANDARD = "gnu++14";
				CLANG_CXX_LIBRARY = "libc++";
				CLANG_ENABLE_MODULES = YES;
				CLANG_ENABLE_OBJC_ARC = YES;
				CLANG_ENABLE_OBJC_WEAK = YES;
				CLANG_WARN_BLOCK_CAPTURE_AUTORELEASING = YES;
				CLANG_WARN_BOOL_CONVERSION = YES;
				CLANG_WARN_COMMA = YES;
				CLANG_WARN_CONSTANT_CONVERSION = YES;
				CLANG_WARN_DEPRECATED_OBJC_IMPLEMENTATIONS = YES;
				CLANG_WARN_DIRECT_OBJC_ISA_USAGE = YES_ERROR;
				CLANG_WARN_DOCUMENTATION_COMMENTS = YES;
				CLANG_WARN_EMPTY_BODY = YES;
				CLANG_WARN_ENUM_CONVERSION = YES;
				CLANG_WARN_INFINITE_RECURSION = YES;
				CLANG_WARN_INT_CONVERSION = YES;
				CLANG_WARN_NON_LITERAL_NULL_CONVERSION = YES;
				CLANG_WARN_OBJC_IMPLICIT_RETAIN_SELF = YES;
				CLANG_WARN_OBJC_LITERAL_CONVERSION = YES;
				CLANG_WARN_OBJC_ROOT_CLASS = YES_ERROR;
				CLANG_WARN_RANGE_LOOP_ANALYSIS = YES;
				CLANG_WARN_STRICT_PROTOTYPES = YES;
				CLANG_WARN_SUSPICIOUS_MOVE = YES;
				CLANG_WARN_UNGUARDED_AVAILABILITY = YES_AGGRESSIVE;
				CLANG_WARN_UNREACHABLE_CODE = YES;
				CLANG_WARN__DUPLICATE_METHOD_MATCH = YES;
				CODE_SIGN_IDENTITY = "iPhone Developer";
				COPY_PHASE_STRIP = NO;
				DEBUG_INFORMATION_FORMAT = "dwarf-with-dsym";
				ENABLE_NS_ASSERTIONS = NO;
				ENABLE_STRICT_OBJC_MSGSEND = YES;
				GCC_C_LANGUAGE_STANDARD = gnu11;
				GCC_NO_COMMON_BLOCKS = YES;
				GCC_WARN_64_TO_32_BIT_CONVERSION = YES;
				GCC_WARN_ABOUT_RETURN_TYPE = YES_ERROR;
				GCC_WARN_UNDECLARED_SELECTOR = YES;
				GCC_WARN_UNINITIALIZED_AUTOS = YES_AGGRESSIVE;
				GCC_WARN_UNUSED_FUNCTION = YES;
				GCC_WARN_UNUSED_VARIABLE = YES;
				IPHONEOS_DEPLOYMENT_TARGET = 12.0;
				MTL_ENABLE_DEBUG_INFO = NO;
				MTL_FAST_MATH = YES;
				SDKROOT = iphoneos;
				SWIFT_COMPILATION_MODE = wholemodule;
				SWIFT_OPTIMIZATION_LEVEL = "-O";
				VALIDATE_PRODUCT = YES;
			};
			name = Release;
		};
		47E361202165B8FA00189943 /* Debug */ = {
			isa = XCBuildConfiguration;
			baseConfigurationReference = 8ADC07F7015D8D5F6BA591F9 /* Pods-TestMe.debug.xcconfig */;
			buildSettings = {
				ASSETCATALOG_COMPILER_APPICON_NAME = AppIcon;
				CODE_SIGN_STYLE = Automatic;
				DEVELOPMENT_TEAM = 6T25FRDJW3;
				INFOPLIST_FILE = TestMe/Info.plist;
				LD_RUNPATH_SEARCH_PATHS = (
					"$(inherited)",
					"@executable_path/Frameworks",
				);
				PRODUCT_BUNDLE_IDENTIFIER = com.yuaki.TestMe;
				PRODUCT_NAME = "$(TARGET_NAME)";
				SWIFT_VERSION = 4.2;
				TARGETED_DEVICE_FAMILY = "1,2";
			};
			name = Debug;
		};
		47E361212165B8FA00189943 /* Release */ = {
			isa = XCBuildConfiguration;
			baseConfigurationReference = 6CF5F2955A6D1F1B5E7B9E13 /* Pods-TestMe.release.xcconfig */;
			buildSettings = {
				ASSETCATALOG_COMPILER_APPICON_NAME = AppIcon;
				CODE_SIGN_STYLE = Automatic;
				DEVELOPMENT_TEAM = 6T25FRDJW3;
				INFOPLIST_FILE = TestMe/Info.plist;
				LD_RUNPATH_SEARCH_PATHS = (
					"$(inherited)",
					"@executable_path/Frameworks",
				);
				PRODUCT_BUNDLE_IDENTIFIER = com.yuaki.TestMe;
				PRODUCT_NAME = "$(TARGET_NAME)";
				SWIFT_VERSION = 4.2;
				TARGETED_DEVICE_FAMILY = "1,2";
			};
			name = Release;
		};
		47E361232165B8FA00189943 /* Debug */ = {
			isa = XCBuildConfiguration;
			baseConfigurationReference = 6E635DF3E6EE5DB48F82DD01 /* Pods-TestMeTests.debug.xcconfig */;
			buildSettings = {
				ALWAYS_EMBED_SWIFT_STANDARD_LIBRARIES = YES;
				BUNDLE_LOADER = "$(TEST_HOST)";
				CODE_SIGN_STYLE = Automatic;
				DEFINES_MODULE = YES;
				DEVELOPMENT_TEAM = 6T25FRDJW3;
				ENABLE_BITCODE = NO;
				INFOPLIST_FILE = TestMeTests/Info.plist;
				LD_RUNPATH_SEARCH_PATHS = (
					"$(inherited)",
					"@executable_path/Frameworks",
					"@loader_path/Frameworks",
				);
				PRODUCT_BUNDLE_IDENTIFIER = com.yuaki.TestMeTests;
				PRODUCT_NAME = "$(TARGET_NAME)";
				SWIFT_VERSION = 4.2;
				TARGETED_DEVICE_FAMILY = "1,2";
				TEST_HOST = "$(BUILT_PRODUCTS_DIR)/TestMe.app/TestMe";
			};
			name = Debug;
		};
		47E361242165B8FA00189943 /* Release */ = {
			isa = XCBuildConfiguration;
			baseConfigurationReference = 101764BD8188FB0BB57E95EA /* Pods-TestMeTests.release.xcconfig */;
			buildSettings = {
				ALWAYS_EMBED_SWIFT_STANDARD_LIBRARIES = YES;
				BUNDLE_LOADER = "$(TEST_HOST)";
				CODE_SIGN_STYLE = Automatic;
				DEFINES_MODULE = YES;
				DEVELOPMENT_TEAM = 6T25FRDJW3;
				ENABLE_BITCODE = NO;
				INFOPLIST_FILE = TestMeTests/Info.plist;
				LD_RUNPATH_SEARCH_PATHS = (
					"$(inherited)",
					"@executable_path/Frameworks",
					"@loader_path/Frameworks",
				);
				PRODUCT_BUNDLE_IDENTIFIER = com.yuaki.TestMeTests;
				PRODUCT_NAME = "$(TARGET_NAME)";
				SWIFT_VERSION = 4.2;
				TARGETED_DEVICE_FAMILY = "1,2";
				TEST_HOST = "$(BUILT_PRODUCTS_DIR)/TestMe.app/TestMe";
			};
			name = Release;
		};
		47E361262165B8FA00189943 /* Debug */ = {
			isa = XCBuildConfiguration;
			baseConfigurationReference = 9F93884B53804FB578D9C0C3 /* Pods-TestMeUITests.debug.xcconfig */;
			buildSettings = {
				ALWAYS_EMBED_SWIFT_STANDARD_LIBRARIES = YES;
				CLANG_ENABLE_MODULES = YES;
				CODE_SIGN_STYLE = Automatic;
				DEVELOPMENT_TEAM = 6T25FRDJW3;
				ENABLE_BITCODE = YES;
				INFOPLIST_FILE = TestMeUITests/Info.plist;
				LD_RUNPATH_SEARCH_PATHS = (
					"$(inherited)",
					"@executable_path/Frameworks",
					"@loader_path/Frameworks",
				);
				PRODUCT_BUNDLE_IDENTIFIER = com.yuaki.TestMeUITests;
				PRODUCT_NAME = "$(TARGET_NAME)";
				SWIFT_OBJC_BRIDGING_HEADER = "TestMeUITests/TestMeUITests-Bridging-Header.h";
				SWIFT_OPTIMIZATION_LEVEL = "-Onone";
				SWIFT_VERSION = 4.2;
				TARGETED_DEVICE_FAMILY = "1,2";
				TEST_TARGET_NAME = TestMe;
			};
			name = Debug;
		};
		47E361272165B8FA00189943 /* Release */ = {
			isa = XCBuildConfiguration;
			baseConfigurationReference = F1AF9639A7B2B0B4AE0D47DC /* Pods-TestMeUITests.release.xcconfig */;
			buildSettings = {
				ALWAYS_EMBED_SWIFT_STANDARD_LIBRARIES = YES;
				CLANG_ENABLE_MODULES = YES;
				CODE_SIGN_STYLE = Automatic;
				DEVELOPMENT_TEAM = 6T25FRDJW3;
				ENABLE_BITCODE = YES;
				INFOPLIST_FILE = TestMeUITests/Info.plist;
				LD_RUNPATH_SEARCH_PATHS = (
					"$(inherited)",
					"@executable_path/Frameworks",
					"@loader_path/Frameworks",
				);
				PRODUCT_BUNDLE_IDENTIFIER = com.yuaki.TestMeUITests;
				PRODUCT_NAME = "$(TARGET_NAME)";
				SWIFT_OBJC_BRIDGING_HEADER = "TestMeUITests/TestMeUITests-Bridging-Header.h";
				SWIFT_VERSION = 4.2;
				TARGETED_DEVICE_FAMILY = "1,2";
				TEST_TARGET_NAME = TestMe;
			};
			name = Release;
		};
/* End XCBuildConfiguration section */

/* Begin XCConfigurationList section */
		47E360F22165B8F800189943 /* Build configuration list for PBXProject "TestMe" */ = {
			isa = XCConfigurationList;
			buildConfigurations = (
				47E3611D2165B8FA00189943 /* Debug */,
				47E3611E2165B8FA00189943 /* Release */,
			);
			defaultConfigurationIsVisible = 0;
			defaultConfigurationName = Release;
		};
		47E3611F2165B8FA00189943 /* Build configuration list for PBXNativeTarget "TestMe" */ = {
			isa = XCConfigurationList;
			buildConfigurations = (
				47E361202165B8FA00189943 /* Debug */,
				47E361212165B8FA00189943 /* Release */,
			);
			defaultConfigurationIsVisible = 0;
			defaultConfigurationName = Release;
		};
		47E361222165B8FA00189943 /* Build configuration list for PBXNativeTarget "TestMeTests" */ = {
			isa = XCConfigurationList;
			buildConfigurations = (
				47E361232165B8FA00189943 /* Debug */,
				47E361242165B8FA00189943 /* Release */,
			);
			defaultConfigurationIsVisible = 0;
			defaultConfigurationName = Release;
		};
		47E361252165B8FA00189943 /* Build configuration list for PBXNativeTarget "TestMeUITests" */ = {
			isa = XCConfigurationList;
			buildConfigurations = (
				47E361262165B8FA00189943 /* Debug */,
				47E361272165B8FA00189943 /* Release */,
			);
			defaultConfigurationIsVisible = 0;
			defaultConfigurationName = Release;
		};
/* End XCConfigurationList section */
	};
	rootObject = 47E360EF2165B8F800189943 /* Project object */;
}
